
Microsoft Visual Studio Solution File, Format Version 12.00
# Visual Studio Version 17
VisualStudioVersion = 17.14.36301.6
MinimumVisualStudioVersion = 10.0.40219.1
Project("{FAE04EC0-301F-11D3-BF4B-00C04F79EFBC}") = "ServiceHub", "ServiceHub.csproj", "{D0FD4EFF-A65E-4BE6-96B9-AD40099EB44F}"
EndProject
Global
	GlobalSection(SolutionConfigurationPlatforms) = preSolution
		Debug|Any CPU = Debug|Any CPU
		Release|Any CPU = Release|Any CPU
	EndGlobalSection
	GlobalSection(ProjectConfigurationPlatforms) = postSolution
		{D0FD4EFF-A65E-4BE6-96B9-AD40099EB44F}.Debug|Any CPU.ActiveCfg = Debug|Any CPU
		{D0FD4EFF-A65E-4BE6-96B9-AD40099EB44F}.Debug|Any CPU.Build.0 = Debug|Any CPU
		{D0FD4EFF-A65E-4BE6-96B9-AD40099EB44F}.Release|Any CPU.ActiveCfg = Release|Any CPU
		{D0FD4EFF-A65E-4BE6-96B9-AD40099EB44F}.Release|Any CPU.Build.0 = Release|Any CPU
	EndGlobalSection
	GlobalSection(SolutionProperties) = preSolution
		HideSolutionNode = FALSE
	EndGlobalSection
	GlobalSection(ExtensibilityGlobals) = postSolution
		SolutionGuid = {374B31F0-1942-4F7A-933E-5B966D08361B}
	EndGlobalSection
EndGlobal
